
Microsoft Visual Studio Solution File, Format Version 12.00
# Visual Studio 2012
Project("{FAE04EC0-301F-11D3-BF4B-00C04F79EFBC}") = "MBs Left 2", "MBs Left 2\MBs Left 2.csproj", "{BF6DA0AF-3994-471A-83D8-B7B92107AF99}"
EndProject
Project("{2150E333-8FDC-42A3-9474-1A3956D46DE8}") = ".nuget", ".nuget", "{DB6AE74A-08DC-4ADC-A59A-F4177FBC5651}"
	ProjectSection(SolutionItems) = preProject
		.nuget\packages.config = .nuget\packages.config
	EndProjectSection
EndProject
Global
	GlobalSection(SolutionConfigurationPlatforms) = preSolution
		Debug|Any CPU = Debug|Any CPU
		Release|Any CPU = Release|Any CPU
	EndGlobalSection
	GlobalSection(ProjectConfigurationPlatforms) = postSolution
		{BF6DA0AF-3994-471A-83D8-B7B92107AF99}.Debug|Any CPU.ActiveCfg = Debug|Any CPU
		{BF6DA0AF-3994-471A-83D8-B7B92107AF99}.Debug|Any CPU.Build.0 = Debug|Any CPU
		{BF6DA0AF-3994-471A-83D8-B7B92107AF99}.Release|Any CPU.ActiveCfg = Release|Any CPU
		{BF6DA0AF-3994-471A-83D8-B7B92107AF99}.Release|Any CPU.Build.0 = Release|Any CPU
	EndGlobalSection
	GlobalSection(SolutionProperties) = preSolution
		HideSolutionNode = FALSE
	EndGlobalSection
EndGlobal
